
Microsoft Visual Studio Solution File, Format Version 12.00
# Visual Studio 14
VisualStudioVersion = 14.0.25420.1
MinimumVisualStudioVersion = 10.0.40219.1
Project("{FAE04EC0-301F-11D3-BF4B-00C04F79EFBC}") = "04. Rectangles", "04. Rectangles\04. Rectangles.csproj", "{19EDB175-BC55-49B6-B3FF-AD143F367CDD}"
EndProject
Project("{FAE04EC0-301F-11D3-BF4B-00C04F79EFBC}") = "09. Trapezoids", "09. Trapezoids\09. Trapezoids.csproj", "{24F7C8CA-052E-4B27-9351-8A31CFD51B5E}"
EndProject
Project("{FAE04EC0-301F-11D3-BF4B-00C04F79EFBC}") = "14. BitExchange", "14. BitExchange\14. BitExchange.csproj", "{6F0835D7-6ACB-4921-8AE4-B9D3D4A3F70E}"
EndProject
Project("{FAE04EC0-301F-11D3-BF4B-00C04F79EFBC}") = "15. BitSwap", "15. BitSwap\15. BitSwap.csproj", "{C748762D-0D2F-4455-8097-88641E5A511B}"
EndProject
Project("{FAE04EC0-301F-11D3-BF4B-00C04F79EFBC}") = "01. Odd-or-Even", "01. Odd-or-Even\01. Odd-or-Even.csproj", "{4EE8D7BF-CB42-4D0A-83FF-579FA087C0FE}"
EndProject
Project("{FAE04EC0-301F-11D3-BF4B-00C04F79EFBC}") = "02. Moon-Gravity", "02. Moon-Gravity\02. Moon-Gravity.csproj", "{8B30A7D2-6730-4C1B-87DF-96CDC44AA73A}"
EndProject
Project("{FAE04EC0-301F-11D3-BF4B-00C04F79EFBC}") = "03. Divide-by-7-and-5", "03. Divide-by-7-and-5\03. Divide-by-7-and-5.csproj", "{F6131578-48E3-4696-AA4B-01E4EE9A1BA1}"
EndProject
Project("{FAE04EC0-301F-11D3-BF4B-00C04F79EFBC}") = "05. Third-digit", "05. Third-digit\05. Third-digit.csproj", "{8DB3D8DB-CE55-4D53-806F-55D42192E304}"
EndProject
Project("{FAE04EC0-301F-11D3-BF4B-00C04F79EFBC}") = "06. Four-digits", "06. Four-digits\06. Four-digits.csproj", "{624423ED-52D2-4EAB-B214-067DBE628FC8}"
EndProject
Project("{FAE04EC0-301F-11D3-BF4B-00C04F79EFBC}") = "07. Point-in-a-circle", "07. Point-in-a-circle\07. Point-in-a-circle.csproj", "{BA84F096-97B6-4678-B71F-A45652546818}"
EndProject
Project("{FAE04EC0-301F-11D3-BF4B-00C04F79EFBC}") = "08. Prime-Check", "08. Prime-Check\08. Prime-Check.csproj", "{F5A000A5-3512-4D45-8D21-9BC1E4F1A237}"
EndProject
Project("{FAE04EC0-301F-11D3-BF4B-00C04F79EFBC}") = "10. Point-Circle-Rectangle", "10. Point-Circle-Rectangle\10. Point-Circle-Rectangle.csproj", "{2FDD7582-497A-40C6-90A7-8BA4BE570D0C}"
EndProject
Project("{FAE04EC0-301F-11D3-BF4B-00C04F79EFBC}") = "11. 3rd-Bit", "11. 3rd-Bit\11. 3rd-Bit.csproj", "{EB3187E6-E81A-4B24-8008-0680606FB918}"
EndProject
Project("{FAE04EC0-301F-11D3-BF4B-00C04F79EFBC}") = "12. N-th-bit", "12. N-th-Bit\12. N-th-bit.csproj", "{4D8EEBF0-3954-4A7B-9237-21484203609A}"
EndProject
Project("{FAE04EC0-301F-11D3-BF4B-00C04F79EFBC}") = "13. Modify-Bit", "13. Modify-Bit\13. Modify-Bit.csproj", "{6A36B74E-DB72-4B47-B587-28075EBA0A1D}"
EndProject
Global
	GlobalSection(SolutionConfigurationPlatforms) = preSolution
		Debug|Any CPU = Debug|Any CPU
		Release|Any CPU = Release|Any CPU
	EndGlobalSection
	GlobalSection(ProjectConfigurationPlatforms) = postSolution
		{19EDB175-BC55-49B6-B3FF-AD143F367CDD}.Debug|Any CPU.ActiveCfg = Debug|Any CPU
		{19EDB175-BC55-49B6-B3FF-AD143F367CDD}.Debug|Any CPU.Build.0 = Debug|Any CPU
		{19EDB175-BC55-49B6-B3FF-AD143F367CDD}.Release|Any CPU.ActiveCfg = Release|Any CPU
		{19EDB175-BC55-49B6-B3FF-AD143F367CDD}.Release|Any CPU.Build.0 = Release|Any CPU
		{24F7C8CA-052E-4B27-9351-8A31CFD51B5E}.Debug|Any CPU.ActiveCfg = Debug|Any CPU
		{24F7C8CA-052E-4B27-9351-8A31CFD51B5E}.Debug|Any CPU.Build.0 = Debug|Any CPU
		{24F7C8CA-052E-4B27-9351-8A31CFD51B5E}.Release|Any CPU.ActiveCfg = Release|Any CPU
		{24F7C8CA-052E-4B27-9351-8A31CFD51B5E}.Release|Any CPU.Build.0 = Release|Any CPU
		{6F0835D7-6ACB-4921-8AE4-B9D3D4A3F70E}.Debug|Any CPU.ActiveCfg = Debug|Any CPU
		{6F0835D7-6ACB-4921-8AE4-B9D3D4A3F70E}.Debug|Any CPU.Build.0 = Debug|Any CPU
		{6F0835D7-6ACB-4921-8AE4-B9D3D4A3F70E}.Release|Any CPU.ActiveCfg = Release|Any CPU
		{6F0835D7-6ACB-4921-8AE4-B9D3D4A3F70E}.Release|Any CPU.Build.0 = Release|Any CPU
		{C748762D-0D2F-4455-8097-88641E5A511B}.Debug|Any CPU.ActiveCfg = Debug|Any CPU
		{C748762D-0D2F-4455-8097-88641E5A511B}.Debug|Any CPU.Build.0 = Debug|Any CPU
		{C748762D-0D2F-4455-8097-88641E5A511B}.Release|Any CPU.ActiveCfg = Release|Any CPU
		{C748762D-0D2F-4455-8097-88641E5A511B}.Release|Any CPU.Build.0 = Release|Any CPU
		{4EE8D7BF-CB42-4D0A-83FF-579FA087C0FE}.Debug|Any CPU.ActiveCfg = Debug|Any CPU
		{4EE8D7BF-CB42-4D0A-83FF-579FA087C0FE}.Debug|Any CPU.Build.0 = Debug|Any CPU
		{4EE8D7BF-CB42-4D0A-83FF-579FA087C0FE}.Release|Any CPU.ActiveCfg = Release|Any CPU
		{4EE8D7BF-CB42-4D0A-83FF-579FA087C0FE}.Release|Any CPU.Build.0 = Release|Any CPU
		{8B30A7D2-6730-4C1B-87DF-96CDC44AA73A}.Debug|Any CPU.ActiveCfg = Debug|Any CPU
		{8B30A7D2-6730-4C1B-87DF-96CDC44AA73A}.Debug|Any CPU.Build.0 = Debug|Any CPU
		{8B30A7D2-6730-4C1B-87DF-96CDC44AA73A}.Release|Any CPU.ActiveCfg = Release|Any CPU
		{8B30A7D2-6730-4C1B-87DF-96CDC44AA73A}.Release|Any CPU.Build.0 = Release|Any CPU
		{F6131578-48E3-4696-AA4B-01E4EE9A1BA1}.Debug|Any CPU.ActiveCfg = Debug|Any CPU
		{F6131578-48E3-4696-AA4B-01E4EE9A1BA1}.Debug|Any CPU.Build.0 = Debug|Any CPU
		{F6131578-48E3-4696-AA4B-01E4EE9A1BA1}.Release|Any CPU.ActiveCfg = Release|Any CPU
		{F6131578-48E3-4696-AA4B-01E4EE9A1BA1}.Release|Any CPU.Build.0 = Release|Any CPU
		{8DB3D8DB-CE55-4D53-806F-55D42192E304}.Debug|Any CPU.ActiveCfg = Debug|Any CPU
		{8DB3D8DB-CE55-4D53-806F-55D42192E304}.Debug|Any CPU.Build.0 = Debug|Any CPU
		{8DB3D8DB-CE55-4D53-806F-55D42192E304}.Release|Any CPU.ActiveCfg = Release|Any CPU
		{8DB3D8DB-CE55-4D53-806F-55D42192E304}.Release|Any CPU.Build.0 = Release|Any CPU
		{624423ED-52D2-4EAB-B214-067DBE628FC8}.Debug|Any CPU.ActiveCfg = Debug|Any CPU
		{624423ED-52D2-4EAB-B214-067DBE628FC8}.Debug|Any CPU.Build.0 = Debug|Any CPU
		{624423ED-52D2-4EAB-B214-067DBE628FC8}.Release|Any CPU.ActiveCfg = Release|Any CPU
		{624423ED-52D2-4EAB-B214-067DBE628FC8}.Release|Any CPU.Build.0 = Release|Any CPU
		{BA84F096-97B6-4678-B71F-A45652546818}.Debug|Any CPU.ActiveCfg = Debug|Any CPU
		{BA84F096-97B6-4678-B71F-A45652546818}.Debug|Any CPU.Build.0 = Debug|Any CPU
		{BA84F096-97B6-4678-B71F-A45652546818}.Release|Any CPU.ActiveCfg = Release|Any CPU
		{BA84F096-97B6-4678-B71F-A45652546818}.Release|Any CPU.Build.0 = Release|Any CPU
		{F5A000A5-3512-4D45-8D21-9BC1E4F1A237}.Debug|Any CPU.ActiveCfg = Debug|Any CPU
		{F5A000A5-3512-4D45-8D21-9BC1E4F1A237}.Debug|Any CPU.Build.0 = Debug|Any CPU
		{F5A000A5-3512-4D45-8D21-9BC1E4F1A237}.Release|Any CPU.ActiveCfg = Release|Any CPU
		{F5A000A5-3512-4D45-8D21-9BC1E4F1A237}.Release|Any CPU.Build.0 = Release|Any CPU
		{2FDD7582-497A-40C6-90A7-8BA4BE570D0C}.Debug|Any CPU.ActiveCfg = Debug|Any CPU
		{2FDD7582-497A-40C6-90A7-8BA4BE570D0C}.Debug|Any CPU.Build.0 = Debug|Any CPU
		{2FDD7582-497A-40C6-90A7-8BA4BE570D0C}.Release|Any CPU.ActiveCfg = Release|Any CPU
		{2FDD7582-497A-40C6-90A7-8BA4BE570D0C}.Release|Any CPU.Build.0 = Release|Any CPU
		{EB3187E6-E81A-4B24-8008-0680606FB918}.Debug|Any CPU.ActiveCfg = Debug|Any CPU
		{EB3187E6-E81A-4B24-8008-0680606FB918}.Debug|Any CPU.Build.0 = Debug|Any CPU
		{EB3187E6-E81A-4B24-8008-0680606FB918}.Release|Any CPU.ActiveCfg = Release|Any CPU
		{EB3187E6-E81A-4B24-8008-0680606FB918}.Release|Any CPU.Build.0 = Release|Any CPU
		{4D8EEBF0-3954-4A7B-9237-21484203609A}.Debug|Any CPU.ActiveCfg = Debug|Any CPU
		{4D8EEBF0-3954-4A7B-9237-21484203609A}.Debug|Any CPU.Build.0 = Debug|Any CPU
		{4D8EEBF0-3954-4A7B-9237-21484203609A}.Release|Any CPU.ActiveCfg = Release|Any CPU
		{4D8EEBF0-3954-4A7B-9237-21484203609A}.Release|Any CPU.Build.0 = Release|Any CPU
		{6A36B74E-DB72-4B47-B587-28075EBA0A1D}.Debug|Any CPU.ActiveCfg = Debug|Any CPU
		{6A36B74E-DB72-4B47-B587-28075EBA0A1D}.Debug|Any CPU.Build.0 = Debug|Any CPU
		{6A36B74E-DB72-4B47-B587-28075EBA0A1D}.Release|Any CPU.ActiveCfg = Release|Any CPU
		{6A36B74E-DB72-4B47-B587-28075EBA0A1D}.Release|Any CPU.Build.0 = Release|Any CPU
	EndGlobalSection
	GlobalSection(SolutionProperties) = preSolution
		HideSolutionNode = FALSE
	EndGlobalSection
EndGlobal
