
Microsoft Visual Studio Solution File, Format Version 12.00
# Visual Studio 14
VisualStudioVersion = 14.0.25123.0
MinimumVisualStudioVersion = 10.0.40219.1
Project("{FAE04EC0-301F-11D3-BF4B-00C04F79EFBC}") = "01. Leap year", "01. Leap year\01. Leap year.csproj", "{7BA5C555-1BA4-4011-B487-A54F11142F90}"
EndProject
Project("{FAE04EC0-301F-11D3-BF4B-00C04F79EFBC}") = "04. Triangle surface by side and altitude", "04. Triangle surface by side and altitude\04. Triangle surface by side and altitude.csproj", "{F26D9EB3-6961-4A08-96A9-839AA44AA2FD}"
EndProject
Project("{FAE04EC0-301F-11D3-BF4B-00C04F79EFBC}") = "05. Triangle surface by three sides", "05. Triangle surface by three sides\05. Triangle surface by three sides.csproj", "{9EA928FB-6B79-474A-B268-1EFC67BE97B7}"
EndProject
Project("{FAE04EC0-301F-11D3-BF4B-00C04F79EFBC}") = "06. Triangle surface by two sides and an angle", "06. Triangle surface by two sides and an angle\06. Triangle surface by two sides and an angle.csproj", "{24B6C732-51B0-4FFA-B8A4-8ECEAF3754B8}"
EndProject
Project("{FAE04EC0-301F-11D3-BF4B-00C04F79EFBC}") = "08. Sum integers", "08. Sum integers\08. Sum integers.csproj", "{FE9313AD-2994-4E48-98FB-BA98D21CF530}"
EndProject
Global
	GlobalSection(SolutionConfigurationPlatforms) = preSolution
		Debug|Any CPU = Debug|Any CPU
		Release|Any CPU = Release|Any CPU
	EndGlobalSection
	GlobalSection(ProjectConfigurationPlatforms) = postSolution
		{7BA5C555-1BA4-4011-B487-A54F11142F90}.Debug|Any CPU.ActiveCfg = Debug|Any CPU
		{7BA5C555-1BA4-4011-B487-A54F11142F90}.Debug|Any CPU.Build.0 = Debug|Any CPU
		{7BA5C555-1BA4-4011-B487-A54F11142F90}.Release|Any CPU.ActiveCfg = Release|Any CPU
		{7BA5C555-1BA4-4011-B487-A54F11142F90}.Release|Any CPU.Build.0 = Release|Any CPU
		{F26D9EB3-6961-4A08-96A9-839AA44AA2FD}.Debug|Any CPU.ActiveCfg = Debug|Any CPU
		{F26D9EB3-6961-4A08-96A9-839AA44AA2FD}.Debug|Any CPU.Build.0 = Debug|Any CPU
		{F26D9EB3-6961-4A08-96A9-839AA44AA2FD}.Release|Any CPU.ActiveCfg = Release|Any CPU
		{F26D9EB3-6961-4A08-96A9-839AA44AA2FD}.Release|Any CPU.Build.0 = Release|Any CPU
		{9EA928FB-6B79-474A-B268-1EFC67BE97B7}.Debug|Any CPU.ActiveCfg = Debug|Any CPU
		{9EA928FB-6B79-474A-B268-1EFC67BE97B7}.Debug|Any CPU.Build.0 = Debug|Any CPU
		{9EA928FB-6B79-474A-B268-1EFC67BE97B7}.Release|Any CPU.ActiveCfg = Release|Any CPU
		{9EA928FB-6B79-474A-B268-1EFC67BE97B7}.Release|Any CPU.Build.0 = Release|Any CPU
		{24B6C732-51B0-4FFA-B8A4-8ECEAF3754B8}.Debug|Any CPU.ActiveCfg = Debug|Any CPU
		{24B6C732-51B0-4FFA-B8A4-8ECEAF3754B8}.Debug|Any CPU.Build.0 = Debug|Any CPU
		{24B6C732-51B0-4FFA-B8A4-8ECEAF3754B8}.Release|Any CPU.ActiveCfg = Release|Any CPU
		{24B6C732-51B0-4FFA-B8A4-8ECEAF3754B8}.Release|Any CPU.Build.0 = Release|Any CPU
		{FE9313AD-2994-4E48-98FB-BA98D21CF530}.Debug|Any CPU.ActiveCfg = Debug|Any CPU
		{FE9313AD-2994-4E48-98FB-BA98D21CF530}.Debug|Any CPU.Build.0 = Debug|Any CPU
		{FE9313AD-2994-4E48-98FB-BA98D21CF530}.Release|Any CPU.ActiveCfg = Release|Any CPU
		{FE9313AD-2994-4E48-98FB-BA98D21CF530}.Release|Any CPU.Build.0 = Release|Any CPU
	EndGlobalSection
	GlobalSection(SolutionProperties) = preSolution
		HideSolutionNode = FALSE
	EndGlobalSection
EndGlobal
