
Microsoft Visual Studio Solution File, Format Version 12.00
# Visual Studio 14
VisualStudioVersion = 14.0.25420.1
MinimumVisualStudioVersion = 10.0.40219.1
Project("{FAE04EC0-301F-11D3-BF4B-00C04F79EFBC}") = "01. Allocate-array", "01. Allocate-array\01. Allocate-array.csproj", "{D11D8C23-1F16-47DD-9C6E-5DA405F54722}"
EndProject
Project("{FAE04EC0-301F-11D3-BF4B-00C04F79EFBC}") = "02. Compare-arrays", "02. Compare-arrays\02. Compare-arrays.csproj", "{BD7DCE8B-928B-4721-AD12-24205F4AB141}"
EndProject
Project("{FAE04EC0-301F-11D3-BF4B-00C04F79EFBC}") = "03. Compare-char-arrays", "03. Compare-char-arrays\03. Compare-char-arrays.csproj", "{D1834349-4296-4694-BF9D-00752592558E}"
EndProject
Project("{FAE04EC0-301F-11D3-BF4B-00C04F79EFBC}") = "04. Maximal-sequence", "04. Maximal-sequence\04. Maximal-sequence.csproj", "{765870E1-4AF8-45CB-8C93-B2333AF8CF76}"
EndProject
Project("{FAE04EC0-301F-11D3-BF4B-00C04F79EFBC}") = "05. Maximal-increasing-sequence", "05. Maximal-increasing-sequence\05. Maximal-increasing-sequence.csproj", "{7810359B-36DC-4667-A1E6-AB5614D189B9}"
EndProject
Project("{FAE04EC0-301F-11D3-BF4B-00C04F79EFBC}") = "06. Maximal-K-sum", "06. Maximal-K-sum\06. Maximal-K-sum.csproj", "{9366AB51-A52E-4A99-A391-A10E8BA056EA}"
EndProject
Project("{FAE04EC0-301F-11D3-BF4B-00C04F79EFBC}") = "07. Selection-sort", "07. Selection-sort\07. Selection-sort.csproj", "{2D699093-0AA5-48F7-BE15-933D6A73774F}"
EndProject
Project("{FAE04EC0-301F-11D3-BF4B-00C04F79EFBC}") = "08. Maximal-sum", "08. Maximal-sum\08. Maximal-sum.csproj", "{8CCE026A-2E15-4D54-B064-CFCA7D4C9CD7}"
EndProject
Project("{FAE04EC0-301F-11D3-BF4B-00C04F79EFBC}") = "09. Frequent-number", "09. Frequent-number\09. Frequent-number.csproj", "{B275FC38-C35A-45B4-85EB-EC24C1435913}"
EndProject
Project("{FAE04EC0-301F-11D3-BF4B-00C04F79EFBC}") = "11. Binary-search", "11. Binary-search\11. Binary-search.csproj", "{13058F08-4D26-4C2E-B3D8-C25F71D8A184}"
EndProject
Project("{FAE04EC0-301F-11D3-BF4B-00C04F79EFBC}") = "12. Index-of-letters", "12. Index-of-letters\12. Index-of-letters.csproj", "{1DC4BF31-B877-4E0F-992E-4BFCA5DAECD9}"
EndProject
Project("{FAE04EC0-301F-11D3-BF4B-00C04F79EFBC}") = "13. Merge-sort", "13. Merge-sort\13. Merge-sort.csproj", "{E4F8BA07-00FE-45D6-9541-3581ECCB7642}"
EndProject
Project("{FAE04EC0-301F-11D3-BF4B-00C04F79EFBC}") = "14. Quick-sort", "14. Quick-sort\14. Quick-sort.csproj", "{2DA72B1A-9643-498D-AE6E-546122156EC8}"
EndProject
Project("{FAE04EC0-301F-11D3-BF4B-00C04F79EFBC}") = "15. Prime-numbers", "15. Prime-numbers\15. Prime-numbers.csproj", "{DE4F7DC2-3A49-4368-B766-9EF17D277AA8}"
EndProject
Project("{FAE04EC0-301F-11D3-BF4B-00C04F79EFBC}") = "18. Remove-elements-from-array", "18.1. Remove-elements-from-array\18. Remove-elements-from-array.csproj", "{4EC28BA0-D2B3-4755-BD2D-F52EED5E0F5D}"
EndProject
Project("{FAE04EC0-301F-11D3-BF4B-00C04F79EFBC}") = "19. Remove-elements-from-array-variant-2", "18.2. Remove-elements-from-array\19. Remove-elements-from-array-variant-2.csproj", "{127C4D43-FB4E-4EEE-A7F9-0B7DC79ADA74}"
EndProject
Global
	GlobalSection(SolutionConfigurationPlatforms) = preSolution
		Debug|Any CPU = Debug|Any CPU
		Release|Any CPU = Release|Any CPU
	EndGlobalSection
	GlobalSection(ProjectConfigurationPlatforms) = postSolution
		{D11D8C23-1F16-47DD-9C6E-5DA405F54722}.Debug|Any CPU.ActiveCfg = Debug|Any CPU
		{D11D8C23-1F16-47DD-9C6E-5DA405F54722}.Debug|Any CPU.Build.0 = Debug|Any CPU
		{D11D8C23-1F16-47DD-9C6E-5DA405F54722}.Release|Any CPU.ActiveCfg = Release|Any CPU
		{D11D8C23-1F16-47DD-9C6E-5DA405F54722}.Release|Any CPU.Build.0 = Release|Any CPU
		{BD7DCE8B-928B-4721-AD12-24205F4AB141}.Debug|Any CPU.ActiveCfg = Debug|Any CPU
		{BD7DCE8B-928B-4721-AD12-24205F4AB141}.Debug|Any CPU.Build.0 = Debug|Any CPU
		{BD7DCE8B-928B-4721-AD12-24205F4AB141}.Release|Any CPU.ActiveCfg = Release|Any CPU
		{BD7DCE8B-928B-4721-AD12-24205F4AB141}.Release|Any CPU.Build.0 = Release|Any CPU
		{D1834349-4296-4694-BF9D-00752592558E}.Debug|Any CPU.ActiveCfg = Debug|Any CPU
		{D1834349-4296-4694-BF9D-00752592558E}.Debug|Any CPU.Build.0 = Debug|Any CPU
		{D1834349-4296-4694-BF9D-00752592558E}.Release|Any CPU.ActiveCfg = Release|Any CPU
		{D1834349-4296-4694-BF9D-00752592558E}.Release|Any CPU.Build.0 = Release|Any CPU
		{765870E1-4AF8-45CB-8C93-B2333AF8CF76}.Debug|Any CPU.ActiveCfg = Debug|Any CPU
		{765870E1-4AF8-45CB-8C93-B2333AF8CF76}.Debug|Any CPU.Build.0 = Debug|Any CPU
		{765870E1-4AF8-45CB-8C93-B2333AF8CF76}.Release|Any CPU.ActiveCfg = Release|Any CPU
		{765870E1-4AF8-45CB-8C93-B2333AF8CF76}.Release|Any CPU.Build.0 = Release|Any CPU
		{7810359B-36DC-4667-A1E6-AB5614D189B9}.Debug|Any CPU.ActiveCfg = Debug|Any CPU
		{7810359B-36DC-4667-A1E6-AB5614D189B9}.Debug|Any CPU.Build.0 = Debug|Any CPU
		{7810359B-36DC-4667-A1E6-AB5614D189B9}.Release|Any CPU.ActiveCfg = Release|Any CPU
		{7810359B-36DC-4667-A1E6-AB5614D189B9}.Release|Any CPU.Build.0 = Release|Any CPU
		{9366AB51-A52E-4A99-A391-A10E8BA056EA}.Debug|Any CPU.ActiveCfg = Debug|Any CPU
		{9366AB51-A52E-4A99-A391-A10E8BA056EA}.Debug|Any CPU.Build.0 = Debug|Any CPU
		{9366AB51-A52E-4A99-A391-A10E8BA056EA}.Release|Any CPU.ActiveCfg = Release|Any CPU
		{9366AB51-A52E-4A99-A391-A10E8BA056EA}.Release|Any CPU.Build.0 = Release|Any CPU
		{2D699093-0AA5-48F7-BE15-933D6A73774F}.Debug|Any CPU.ActiveCfg = Debug|Any CPU
		{2D699093-0AA5-48F7-BE15-933D6A73774F}.Debug|Any CPU.Build.0 = Debug|Any CPU
		{2D699093-0AA5-48F7-BE15-933D6A73774F}.Release|Any CPU.ActiveCfg = Release|Any CPU
		{2D699093-0AA5-48F7-BE15-933D6A73774F}.Release|Any CPU.Build.0 = Release|Any CPU
		{8CCE026A-2E15-4D54-B064-CFCA7D4C9CD7}.Debug|Any CPU.ActiveCfg = Debug|Any CPU
		{8CCE026A-2E15-4D54-B064-CFCA7D4C9CD7}.Debug|Any CPU.Build.0 = Debug|Any CPU
		{8CCE026A-2E15-4D54-B064-CFCA7D4C9CD7}.Release|Any CPU.ActiveCfg = Release|Any CPU
		{8CCE026A-2E15-4D54-B064-CFCA7D4C9CD7}.Release|Any CPU.Build.0 = Release|Any CPU
		{B275FC38-C35A-45B4-85EB-EC24C1435913}.Debug|Any CPU.ActiveCfg = Debug|Any CPU
		{B275FC38-C35A-45B4-85EB-EC24C1435913}.Debug|Any CPU.Build.0 = Debug|Any CPU
		{B275FC38-C35A-45B4-85EB-EC24C1435913}.Release|Any CPU.ActiveCfg = Release|Any CPU
		{B275FC38-C35A-45B4-85EB-EC24C1435913}.Release|Any CPU.Build.0 = Release|Any CPU
		{13058F08-4D26-4C2E-B3D8-C25F71D8A184}.Debug|Any CPU.ActiveCfg = Debug|Any CPU
		{13058F08-4D26-4C2E-B3D8-C25F71D8A184}.Debug|Any CPU.Build.0 = Debug|Any CPU
		{13058F08-4D26-4C2E-B3D8-C25F71D8A184}.Release|Any CPU.ActiveCfg = Release|Any CPU
		{13058F08-4D26-4C2E-B3D8-C25F71D8A184}.Release|Any CPU.Build.0 = Release|Any CPU
		{1DC4BF31-B877-4E0F-992E-4BFCA5DAECD9}.Debug|Any CPU.ActiveCfg = Debug|Any CPU
		{1DC4BF31-B877-4E0F-992E-4BFCA5DAECD9}.Debug|Any CPU.Build.0 = Debug|Any CPU
		{1DC4BF31-B877-4E0F-992E-4BFCA5DAECD9}.Release|Any CPU.ActiveCfg = Release|Any CPU
		{1DC4BF31-B877-4E0F-992E-4BFCA5DAECD9}.Release|Any CPU.Build.0 = Release|Any CPU
		{E4F8BA07-00FE-45D6-9541-3581ECCB7642}.Debug|Any CPU.ActiveCfg = Debug|Any CPU
		{E4F8BA07-00FE-45D6-9541-3581ECCB7642}.Debug|Any CPU.Build.0 = Debug|Any CPU
		{E4F8BA07-00FE-45D6-9541-3581ECCB7642}.Release|Any CPU.ActiveCfg = Release|Any CPU
		{E4F8BA07-00FE-45D6-9541-3581ECCB7642}.Release|Any CPU.Build.0 = Release|Any CPU
		{2DA72B1A-9643-498D-AE6E-546122156EC8}.Debug|Any CPU.ActiveCfg = Debug|Any CPU
		{2DA72B1A-9643-498D-AE6E-546122156EC8}.Debug|Any CPU.Build.0 = Debug|Any CPU
		{2DA72B1A-9643-498D-AE6E-546122156EC8}.Release|Any CPU.ActiveCfg = Release|Any CPU
		{2DA72B1A-9643-498D-AE6E-546122156EC8}.Release|Any CPU.Build.0 = Release|Any CPU
		{DE4F7DC2-3A49-4368-B766-9EF17D277AA8}.Debug|Any CPU.ActiveCfg = Debug|Any CPU
		{DE4F7DC2-3A49-4368-B766-9EF17D277AA8}.Debug|Any CPU.Build.0 = Debug|Any CPU
		{DE4F7DC2-3A49-4368-B766-9EF17D277AA8}.Release|Any CPU.ActiveCfg = Release|Any CPU
		{DE4F7DC2-3A49-4368-B766-9EF17D277AA8}.Release|Any CPU.Build.0 = Release|Any CPU
		{4EC28BA0-D2B3-4755-BD2D-F52EED5E0F5D}.Debug|Any CPU.ActiveCfg = Debug|Any CPU
		{4EC28BA0-D2B3-4755-BD2D-F52EED5E0F5D}.Debug|Any CPU.Build.0 = Debug|Any CPU
		{4EC28BA0-D2B3-4755-BD2D-F52EED5E0F5D}.Release|Any CPU.ActiveCfg = Release|Any CPU
		{4EC28BA0-D2B3-4755-BD2D-F52EED5E0F5D}.Release|Any CPU.Build.0 = Release|Any CPU
		{127C4D43-FB4E-4EEE-A7F9-0B7DC79ADA74}.Debug|Any CPU.ActiveCfg = Debug|Any CPU
		{127C4D43-FB4E-4EEE-A7F9-0B7DC79ADA74}.Debug|Any CPU.Build.0 = Debug|Any CPU
		{127C4D43-FB4E-4EEE-A7F9-0B7DC79ADA74}.Release|Any CPU.ActiveCfg = Release|Any CPU
		{127C4D43-FB4E-4EEE-A7F9-0B7DC79ADA74}.Release|Any CPU.Build.0 = Release|Any CPU
	EndGlobalSection
	GlobalSection(SolutionProperties) = preSolution
		HideSolutionNode = FALSE
	EndGlobalSection
EndGlobal
