
Microsoft Visual Studio Solution File, Format Version 12.00
# Visual Studio 14
VisualStudioVersion = 14.0.25123.0
MinimumVisualStudioVersion = 10.0.40219.1
Project("{FAE04EC0-301F-11D3-BF4B-00C04F79EFBC}") = "02. Reverse string", "02. Reverse string\02. Reverse string.csproj", "{6CD856C5-7452-44E0-A685-9F7DA54A6211}"
EndProject
Project("{FAE04EC0-301F-11D3-BF4B-00C04F79EFBC}") = "03. Correct brackets", "03. Correct brackets\03. Correct brackets.csproj", "{69EF6C42-4339-4AEA-8940-1A2D8B40B4BF}"
EndProject
Project("{FAE04EC0-301F-11D3-BF4B-00C04F79EFBC}") = "04. Sub-string in text", "04. Sub-string in text\04. Sub-string in text.csproj", "{5403F836-A62F-499A-9CD6-711A3F3E5A3A}"
EndProject
Project("{FAE04EC0-301F-11D3-BF4B-00C04F79EFBC}") = "05. Parse tags", "05. Parse tags\05. Parse tags.csproj", "{A9AF001D-5A65-4E04-A345-38DC4E31AC01}"
EndProject
Project("{FAE04EC0-301F-11D3-BF4B-00C04F79EFBC}") = "06. String length", "06. String length\06. String length.csproj", "{71D2608C-0A0B-42F8-99EA-367C7AE07AB5}"
EndProject
Project("{FAE04EC0-301F-11D3-BF4B-00C04F79EFBC}") = "08. Extract sentences", "08. Extract sentences\08. Extract sentences.csproj", "{B84F7679-3BB2-4653-B7B1-3D57249999C7}"
EndProject
Project("{FAE04EC0-301F-11D3-BF4B-00C04F79EFBC}") = "10. Unicode characters", "10. Unicode characters\10. Unicode characters.csproj", "{FA02E27F-BEC5-4D66-9749-90B5FB7893AF}"
EndProject
Project("{FAE04EC0-301F-11D3-BF4B-00C04F79EFBC}") = "12. Parse URL", "12. Parse URL\12. Parse URL.csproj", "{4CA60771-B661-4EC9-AB72-5398168D404F}"
EndProject
Project("{FAE04EC0-301F-11D3-BF4B-00C04F79EFBC}") = "23. Series of letters", "23. Series of letters\23. Series of letters.csproj", "{1545E29A-1C88-48BB-83BB-75F173C5EB7F}"
EndProject
Project("{FAE04EC0-301F-11D3-BF4B-00C04F79EFBC}") = "15. Replace tags", "15. Replace tags\15. Replace tags.csproj", "{46DBB264-E9C1-4855-98F6-56B160A6851F}"
EndProject
Global
	GlobalSection(SolutionConfigurationPlatforms) = preSolution
		Debug|Any CPU = Debug|Any CPU
		Release|Any CPU = Release|Any CPU
	EndGlobalSection
	GlobalSection(ProjectConfigurationPlatforms) = postSolution
		{6CD856C5-7452-44E0-A685-9F7DA54A6211}.Debug|Any CPU.ActiveCfg = Debug|Any CPU
		{6CD856C5-7452-44E0-A685-9F7DA54A6211}.Debug|Any CPU.Build.0 = Debug|Any CPU
		{6CD856C5-7452-44E0-A685-9F7DA54A6211}.Release|Any CPU.ActiveCfg = Release|Any CPU
		{6CD856C5-7452-44E0-A685-9F7DA54A6211}.Release|Any CPU.Build.0 = Release|Any CPU
		{69EF6C42-4339-4AEA-8940-1A2D8B40B4BF}.Debug|Any CPU.ActiveCfg = Debug|Any CPU
		{69EF6C42-4339-4AEA-8940-1A2D8B40B4BF}.Debug|Any CPU.Build.0 = Debug|Any CPU
		{69EF6C42-4339-4AEA-8940-1A2D8B40B4BF}.Release|Any CPU.ActiveCfg = Release|Any CPU
		{69EF6C42-4339-4AEA-8940-1A2D8B40B4BF}.Release|Any CPU.Build.0 = Release|Any CPU
		{5403F836-A62F-499A-9CD6-711A3F3E5A3A}.Debug|Any CPU.ActiveCfg = Debug|Any CPU
		{5403F836-A62F-499A-9CD6-711A3F3E5A3A}.Debug|Any CPU.Build.0 = Debug|Any CPU
		{5403F836-A62F-499A-9CD6-711A3F3E5A3A}.Release|Any CPU.ActiveCfg = Release|Any CPU
		{5403F836-A62F-499A-9CD6-711A3F3E5A3A}.Release|Any CPU.Build.0 = Release|Any CPU
		{A9AF001D-5A65-4E04-A345-38DC4E31AC01}.Debug|Any CPU.ActiveCfg = Debug|Any CPU
		{A9AF001D-5A65-4E04-A345-38DC4E31AC01}.Debug|Any CPU.Build.0 = Debug|Any CPU
		{A9AF001D-5A65-4E04-A345-38DC4E31AC01}.Release|Any CPU.ActiveCfg = Release|Any CPU
		{A9AF001D-5A65-4E04-A345-38DC4E31AC01}.Release|Any CPU.Build.0 = Release|Any CPU
		{71D2608C-0A0B-42F8-99EA-367C7AE07AB5}.Debug|Any CPU.ActiveCfg = Debug|Any CPU
		{71D2608C-0A0B-42F8-99EA-367C7AE07AB5}.Debug|Any CPU.Build.0 = Debug|Any CPU
		{71D2608C-0A0B-42F8-99EA-367C7AE07AB5}.Release|Any CPU.ActiveCfg = Release|Any CPU
		{71D2608C-0A0B-42F8-99EA-367C7AE07AB5}.Release|Any CPU.Build.0 = Release|Any CPU
		{B84F7679-3BB2-4653-B7B1-3D57249999C7}.Debug|Any CPU.ActiveCfg = Debug|Any CPU
		{B84F7679-3BB2-4653-B7B1-3D57249999C7}.Debug|Any CPU.Build.0 = Debug|Any CPU
		{B84F7679-3BB2-4653-B7B1-3D57249999C7}.Release|Any CPU.ActiveCfg = Release|Any CPU
		{B84F7679-3BB2-4653-B7B1-3D57249999C7}.Release|Any CPU.Build.0 = Release|Any CPU
		{FA02E27F-BEC5-4D66-9749-90B5FB7893AF}.Debug|Any CPU.ActiveCfg = Debug|Any CPU
		{FA02E27F-BEC5-4D66-9749-90B5FB7893AF}.Debug|Any CPU.Build.0 = Debug|Any CPU
		{FA02E27F-BEC5-4D66-9749-90B5FB7893AF}.Release|Any CPU.ActiveCfg = Release|Any CPU
		{FA02E27F-BEC5-4D66-9749-90B5FB7893AF}.Release|Any CPU.Build.0 = Release|Any CPU
		{4CA60771-B661-4EC9-AB72-5398168D404F}.Debug|Any CPU.ActiveCfg = Debug|Any CPU
		{4CA60771-B661-4EC9-AB72-5398168D404F}.Debug|Any CPU.Build.0 = Debug|Any CPU
		{4CA60771-B661-4EC9-AB72-5398168D404F}.Release|Any CPU.ActiveCfg = Release|Any CPU
		{4CA60771-B661-4EC9-AB72-5398168D404F}.Release|Any CPU.Build.0 = Release|Any CPU
		{1545E29A-1C88-48BB-83BB-75F173C5EB7F}.Debug|Any CPU.ActiveCfg = Debug|Any CPU
		{1545E29A-1C88-48BB-83BB-75F173C5EB7F}.Debug|Any CPU.Build.0 = Debug|Any CPU
		{1545E29A-1C88-48BB-83BB-75F173C5EB7F}.Release|Any CPU.ActiveCfg = Release|Any CPU
		{1545E29A-1C88-48BB-83BB-75F173C5EB7F}.Release|Any CPU.Build.0 = Release|Any CPU
		{46DBB264-E9C1-4855-98F6-56B160A6851F}.Debug|Any CPU.ActiveCfg = Debug|Any CPU
		{46DBB264-E9C1-4855-98F6-56B160A6851F}.Debug|Any CPU.Build.0 = Debug|Any CPU
		{46DBB264-E9C1-4855-98F6-56B160A6851F}.Release|Any CPU.ActiveCfg = Release|Any CPU
		{46DBB264-E9C1-4855-98F6-56B160A6851F}.Release|Any CPU.Build.0 = Release|Any CPU
	EndGlobalSection
	GlobalSection(SolutionProperties) = preSolution
		HideSolutionNode = FALSE
	EndGlobalSection
EndGlobal
