
Microsoft Visual Studio Solution File, Format Version 12.00
# Visual Studio 14
VisualStudioVersion = 14.0.25420.1
MinimumVisualStudioVersion = 10.0.40219.1
Project("{FAE04EC0-301F-11D3-BF4B-00C04F79EFBC}") = "15. Age", "15. Age\15. Age.csproj", "{B3BA3277-3ECB-4510-86A7-C09881456E18}"
EndProject
Project("{FAE04EC0-301F-11D3-BF4B-00C04F79EFBC}") = "04. Hello-World", "04. Hello-World\04. Hello-World.csproj", "{716AD8BA-4EE2-4DBC-BEE4-C80FD1E9B049}"
EndProject
Project("{FAE04EC0-301F-11D3-BF4B-00C04F79EFBC}") = "06. Print-Numbers", "06. Print-Numbers\06. Print-Numbers.csproj", "{BE9FED60-3E4A-4FF8-B789-CF05007C28F0}"
EndProject
Project("{FAE04EC0-301F-11D3-BF4B-00C04F79EFBC}") = "07. First-and-Last-Name", "07. First-And-Last-Name\07. First-and-Last-Name.csproj", "{41D12218-D020-417D-B034-8C972A36F04C}"
EndProject
Project("{FAE04EC0-301F-11D3-BF4B-00C04F79EFBC}") = "08. Square-Root", "08. Square-Root\08. Square-Root.csproj", "{084CB787-2391-4B77-ADB6-AF755DBD7734}"
EndProject
Project("{FAE04EC0-301F-11D3-BF4B-00C04F79EFBC}") = "09. Print-Sequence", "09. Print-Sequence\09. Print-Sequence.csproj", "{2EB8C8D0-AEE0-4027-A7B9-923F7E64D226}"
EndProject
Project("{FAE04EC0-301F-11D3-BF4B-00C04F79EFBC}") = "14. Current-Date-and-Time", "14. Current-Date-And-Time\14. Current-Date-and-Time.csproj", "{F563AF2A-47E3-4D84-B9D8-E55CD2AC573E}"
EndProject
Project("{FAE04EC0-301F-11D3-BF4B-00C04F79EFBC}") = "16. Long-Sequence", "16. Long-Sequence\16. Long-Sequence.csproj", "{63B8863D-8F1B-4300-8051-2CD2A58A3DFC}"
EndProject
Global
	GlobalSection(SolutionConfigurationPlatforms) = preSolution
		Debug|Any CPU = Debug|Any CPU
		Release|Any CPU = Release|Any CPU
	EndGlobalSection
	GlobalSection(ProjectConfigurationPlatforms) = postSolution
		{B3BA3277-3ECB-4510-86A7-C09881456E18}.Debug|Any CPU.ActiveCfg = Debug|Any CPU
		{B3BA3277-3ECB-4510-86A7-C09881456E18}.Debug|Any CPU.Build.0 = Debug|Any CPU
		{B3BA3277-3ECB-4510-86A7-C09881456E18}.Release|Any CPU.ActiveCfg = Release|Any CPU
		{B3BA3277-3ECB-4510-86A7-C09881456E18}.Release|Any CPU.Build.0 = Release|Any CPU
		{716AD8BA-4EE2-4DBC-BEE4-C80FD1E9B049}.Debug|Any CPU.ActiveCfg = Debug|Any CPU
		{716AD8BA-4EE2-4DBC-BEE4-C80FD1E9B049}.Debug|Any CPU.Build.0 = Debug|Any CPU
		{716AD8BA-4EE2-4DBC-BEE4-C80FD1E9B049}.Release|Any CPU.ActiveCfg = Release|Any CPU
		{716AD8BA-4EE2-4DBC-BEE4-C80FD1E9B049}.Release|Any CPU.Build.0 = Release|Any CPU
		{BE9FED60-3E4A-4FF8-B789-CF05007C28F0}.Debug|Any CPU.ActiveCfg = Debug|Any CPU
		{BE9FED60-3E4A-4FF8-B789-CF05007C28F0}.Debug|Any CPU.Build.0 = Debug|Any CPU
		{BE9FED60-3E4A-4FF8-B789-CF05007C28F0}.Release|Any CPU.ActiveCfg = Release|Any CPU
		{BE9FED60-3E4A-4FF8-B789-CF05007C28F0}.Release|Any CPU.Build.0 = Release|Any CPU
		{41D12218-D020-417D-B034-8C972A36F04C}.Debug|Any CPU.ActiveCfg = Debug|Any CPU
		{41D12218-D020-417D-B034-8C972A36F04C}.Debug|Any CPU.Build.0 = Debug|Any CPU
		{41D12218-D020-417D-B034-8C972A36F04C}.Release|Any CPU.ActiveCfg = Release|Any CPU
		{41D12218-D020-417D-B034-8C972A36F04C}.Release|Any CPU.Build.0 = Release|Any CPU
		{084CB787-2391-4B77-ADB6-AF755DBD7734}.Debug|Any CPU.ActiveCfg = Debug|Any CPU
		{084CB787-2391-4B77-ADB6-AF755DBD7734}.Debug|Any CPU.Build.0 = Debug|Any CPU
		{084CB787-2391-4B77-ADB6-AF755DBD7734}.Release|Any CPU.ActiveCfg = Release|Any CPU
		{084CB787-2391-4B77-ADB6-AF755DBD7734}.Release|Any CPU.Build.0 = Release|Any CPU
		{2EB8C8D0-AEE0-4027-A7B9-923F7E64D226}.Debug|Any CPU.ActiveCfg = Debug|Any CPU
		{2EB8C8D0-AEE0-4027-A7B9-923F7E64D226}.Debug|Any CPU.Build.0 = Debug|Any CPU
		{2EB8C8D0-AEE0-4027-A7B9-923F7E64D226}.Release|Any CPU.ActiveCfg = Release|Any CPU
		{2EB8C8D0-AEE0-4027-A7B9-923F7E64D226}.Release|Any CPU.Build.0 = Release|Any CPU
		{F563AF2A-47E3-4D84-B9D8-E55CD2AC573E}.Debug|Any CPU.ActiveCfg = Debug|Any CPU
		{F563AF2A-47E3-4D84-B9D8-E55CD2AC573E}.Debug|Any CPU.Build.0 = Debug|Any CPU
		{F563AF2A-47E3-4D84-B9D8-E55CD2AC573E}.Release|Any CPU.ActiveCfg = Release|Any CPU
		{F563AF2A-47E3-4D84-B9D8-E55CD2AC573E}.Release|Any CPU.Build.0 = Release|Any CPU
		{63B8863D-8F1B-4300-8051-2CD2A58A3DFC}.Debug|Any CPU.ActiveCfg = Debug|Any CPU
		{63B8863D-8F1B-4300-8051-2CD2A58A3DFC}.Debug|Any CPU.Build.0 = Debug|Any CPU
		{63B8863D-8F1B-4300-8051-2CD2A58A3DFC}.Release|Any CPU.ActiveCfg = Release|Any CPU
		{63B8863D-8F1B-4300-8051-2CD2A58A3DFC}.Release|Any CPU.Build.0 = Release|Any CPU
	EndGlobalSection
	GlobalSection(SolutionProperties) = preSolution
		HideSolutionNode = FALSE
	EndGlobalSection
EndGlobal
