
Microsoft Visual Studio Solution File, Format Version 12.00
# Visual Studio 14
VisualStudioVersion = 14.0.25123.0
MinimumVisualStudioVersion = 10.0.40219.1
Project("{2150E333-8FDC-42A3-9474-1A3956D46DE8}") = "Problem 1-3. Student class", "Problem 1-3. Student class", "{A9B48B16-0BD3-481B-9D8F-4F276E112422}"
EndProject
Project("{FAE04EC0-301F-11D3-BF4B-00C04F79EFBC}") = "01. StudentClass", "01. StudentClass\01. StudentClass.csproj", "{1D914D69-03ED-4D81-A7C1-2FB671A39C18}"
EndProject
Project("{2150E333-8FDC-42A3-9474-1A3956D46DE8}") = "Problem 4. Person class", "Problem 4. Person class", "{BE81F836-8813-4DA3-9514-17FEAAACFB67}"
EndProject
Project("{FAE04EC0-301F-11D3-BF4B-00C04F79EFBC}") = "PersonClass", "PersonClass\PersonClass.csproj", "{1D49B1A4-D623-4491-9128-5188C6FC3A46}"
EndProject
Project("{2150E333-8FDC-42A3-9474-1A3956D46DE8}") = "Problem 5. 64 Bit array", "Problem 5. 64 Bit array", "{95FA56E8-1E03-477D-A873-8CE4D4CD8206}"
EndProject
Project("{FAE04EC0-301F-11D3-BF4B-00C04F79EFBC}") = "64BitArray", "64BitArray\64BitArray.csproj", "{109115CC-CF3D-43A4-BA1E-034C9D9B54A2}"
EndProject
Global
	GlobalSection(SolutionConfigurationPlatforms) = preSolution
		Debug|Any CPU = Debug|Any CPU
		Release|Any CPU = Release|Any CPU
	EndGlobalSection
	GlobalSection(ProjectConfigurationPlatforms) = postSolution
		{1D914D69-03ED-4D81-A7C1-2FB671A39C18}.Debug|Any CPU.ActiveCfg = Debug|Any CPU
		{1D914D69-03ED-4D81-A7C1-2FB671A39C18}.Debug|Any CPU.Build.0 = Debug|Any CPU
		{1D914D69-03ED-4D81-A7C1-2FB671A39C18}.Release|Any CPU.ActiveCfg = Release|Any CPU
		{1D914D69-03ED-4D81-A7C1-2FB671A39C18}.Release|Any CPU.Build.0 = Release|Any CPU
		{1D49B1A4-D623-4491-9128-5188C6FC3A46}.Debug|Any CPU.ActiveCfg = Debug|Any CPU
		{1D49B1A4-D623-4491-9128-5188C6FC3A46}.Debug|Any CPU.Build.0 = Debug|Any CPU
		{1D49B1A4-D623-4491-9128-5188C6FC3A46}.Release|Any CPU.ActiveCfg = Release|Any CPU
		{1D49B1A4-D623-4491-9128-5188C6FC3A46}.Release|Any CPU.Build.0 = Release|Any CPU
		{109115CC-CF3D-43A4-BA1E-034C9D9B54A2}.Debug|Any CPU.ActiveCfg = Debug|Any CPU
		{109115CC-CF3D-43A4-BA1E-034C9D9B54A2}.Debug|Any CPU.Build.0 = Debug|Any CPU
		{109115CC-CF3D-43A4-BA1E-034C9D9B54A2}.Release|Any CPU.ActiveCfg = Release|Any CPU
		{109115CC-CF3D-43A4-BA1E-034C9D9B54A2}.Release|Any CPU.Build.0 = Release|Any CPU
	EndGlobalSection
	GlobalSection(SolutionProperties) = preSolution
		HideSolutionNode = FALSE
	EndGlobalSection
	GlobalSection(NestedProjects) = preSolution
		{1D914D69-03ED-4D81-A7C1-2FB671A39C18} = {A9B48B16-0BD3-481B-9D8F-4F276E112422}
		{1D49B1A4-D623-4491-9128-5188C6FC3A46} = {BE81F836-8813-4DA3-9514-17FEAAACFB67}
		{109115CC-CF3D-43A4-BA1E-034C9D9B54A2} = {95FA56E8-1E03-477D-A873-8CE4D4CD8206}
	EndGlobalSection
EndGlobal
